
Microsoft Visual Studio Solution File, Format Version 12.00
# Visual Studio 15
VisualStudioVersion = 15.0.26228.4
MinimumVisualStudioVersion = 10.0.40219.1
Project("{FAE04EC0-301F-11D3-BF4B-00C04F79EFBC}") = "ProjectManager.Persistence", "ProjectManager.Persistence\ProjectManager.Persistence.csproj", "{99EBB9FB-BCE4-4D80-919D-4799B1BC1EB2}"
EndProject
Project("{FAE04EC0-301F-11D3-BF4B-00C04F79EFBC}") = "ProjectManager.WebApi", "ProjectManager.WebApi\ProjectManager.WebApi.csproj", "{035FDEDE-1680-4F58-AFF4-2CBACEAFA269}"
	ProjectSection(ProjectDependencies) = postProject
		{99EBB9FB-BCE4-4D80-919D-4799B1BC1EB2} = {99EBB9FB-BCE4-4D80-919D-4799B1BC1EB2}
	EndProjectSection
EndProject
Project("{FAE04EC0-301F-11D3-BF4B-00C04F79EFBC}") = "ProjectManager.WebApi.Tests", "ProjectManager.WebApi.Tests\ProjectManager.WebApi.Tests.csproj", "{77B61C93-BF20-4087-A066-933F33CA5F6A}"
EndProject
Project("{9A19103F-16F7-4668-BE54-9A1E7A4F7556}") = "ProjectManager", "ProjectManager\ProjectManager.csproj", "{5D0614CE-C1E6-4E25-A882-FE15FE2DF62F}"
EndProject
Global
	GlobalSection(SolutionConfigurationPlatforms) = preSolution
		Debug|Any CPU = Debug|Any CPU
		Release|Any CPU = Release|Any CPU
	EndGlobalSection
	GlobalSection(ProjectConfigurationPlatforms) = postSolution
		{99EBB9FB-BCE4-4D80-919D-4799B1BC1EB2}.Debug|Any CPU.ActiveCfg = Debug|Any CPU
		{99EBB9FB-BCE4-4D80-919D-4799B1BC1EB2}.Debug|Any CPU.Build.0 = Debug|Any CPU
		{99EBB9FB-BCE4-4D80-919D-4799B1BC1EB2}.Release|Any CPU.ActiveCfg = Release|Any CPU
		{99EBB9FB-BCE4-4D80-919D-4799B1BC1EB2}.Release|Any CPU.Build.0 = Release|Any CPU
		{035FDEDE-1680-4F58-AFF4-2CBACEAFA269}.Debug|Any CPU.ActiveCfg = Debug|Any CPU
		{035FDEDE-1680-4F58-AFF4-2CBACEAFA269}.Debug|Any CPU.Build.0 = Debug|Any CPU
		{035FDEDE-1680-4F58-AFF4-2CBACEAFA269}.Release|Any CPU.ActiveCfg = Release|Any CPU
		{035FDEDE-1680-4F58-AFF4-2CBACEAFA269}.Release|Any CPU.Build.0 = Release|Any CPU
		{77B61C93-BF20-4087-A066-933F33CA5F6A}.Debug|Any CPU.ActiveCfg = Debug|Any CPU
		{77B61C93-BF20-4087-A066-933F33CA5F6A}.Debug|Any CPU.Build.0 = Debug|Any CPU
		{77B61C93-BF20-4087-A066-933F33CA5F6A}.Release|Any CPU.ActiveCfg = Release|Any CPU
		{77B61C93-BF20-4087-A066-933F33CA5F6A}.Release|Any CPU.Build.0 = Release|Any CPU
		{5D0614CE-C1E6-4E25-A882-FE15FE2DF62F}.Debug|Any CPU.ActiveCfg = Debug|Any CPU
		{5D0614CE-C1E6-4E25-A882-FE15FE2DF62F}.Debug|Any CPU.Build.0 = Debug|Any CPU
		{5D0614CE-C1E6-4E25-A882-FE15FE2DF62F}.Release|Any CPU.ActiveCfg = Release|Any CPU
		{5D0614CE-C1E6-4E25-A882-FE15FE2DF62F}.Release|Any CPU.Build.0 = Release|Any CPU
	EndGlobalSection
	GlobalSection(SolutionProperties) = preSolution
		HideSolutionNode = FALSE
	EndGlobalSection
EndGlobal
